
Microsoft Visual Studio Solution File, Format Version 12.00
# Visual Studio 15
VisualStudioVersion = 15.0.27703.2042
MinimumVisualStudioVersion = 10.0.40219.1
Project("{FAE04EC0-301F-11D3-BF4B-00C04F79EFBC}") = "VariablesAnd Constants", "VariablesAnd Constants\VariablesAnd Constants.csproj", "{257657AC-10E6-4E69-859B-F2B2AD04AC94}"
EndProject
Global
	GlobalSection(SolutionConfigurationPlatforms) = preSolution
		Debug|Any CPU = Debug|Any CPU
		Release|Any CPU = Release|Any CPU
	EndGlobalSection
	GlobalSection(ProjectConfigurationPlatforms) = postSolution
		{257657AC-10E6-4E69-859B-F2B2AD04AC94}.Debug|Any CPU.ActiveCfg = Debug|Any CPU
		{257657AC-10E6-4E69-859B-F2B2AD04AC94}.Debug|Any CPU.Build.0 = Debug|Any CPU
		{257657AC-10E6-4E69-859B-F2B2AD04AC94}.Release|Any CPU.ActiveCfg = Release|Any CPU
		{257657AC-10E6-4E69-859B-F2B2AD04AC94}.Release|Any CPU.Build.0 = Release|Any CPU
	EndGlobalSection
	GlobalSection(SolutionProperties) = preSolution
		HideSolutionNode = FALSE
	EndGlobalSection
	GlobalSection(ExtensibilityGlobals) = postSolution
		SolutionGuid = {7409674B-0B45-4363-9E6D-96D469C5E4E8}
	EndGlobalSection
EndGlobal
